{
  "name": "deploy-hub",
  "lockfileVersion": 2,
  "requires": true,
  "packages": {
    "": {
      "dependencies": {
        "oh-my-opencode-windows-x64": "^4.15.0",
        "oh-my-opencode-windows-x64-baseline": "^4.15.0"
      }
    },
    "node_modules/oh-my-opencode-windows-x64": {
      "version": "4.15.0",
      "resolved": "https://registry.npmmirror.com/oh-my-opencode-windows-x64/-/oh-my-opencode-windows-x64-4.15.0.tgz",
      "integrity": "sha512-tCkcDAlS/hJKsp3tw1VdXFG986Nz6xEx0CBoGjzMB7blVUwHrHfk6i6Jhb7lju5mrELzbZDoIpvmV30bMDBieA==",
      "cpu": [
        "x64"
      ],
      "os": [
        "win32"
      ]
    },
    "node_modules/oh-my-opencode-windows-x64-baseline": {
      "version": "4.15.0",
      "resolved": "https://registry.npmmirror.com/oh-my-opencode-windows-x64-baseline/-/oh-my-opencode-windows-x64-baseline-4.15.0.tgz",
      "integrity": "sha512-qOBokiECTsBOM5qVajyyBy39t3pzLnxHQova9zURXP+rcLs70kGPVW/lqIXS9Oe0c1Jwecw9pTKF7JQqHXkMVA==",
      "cpu": [
        "x64"
      ],
      "os": [
        "win32"
      ]
    }
  },
  "dependencies": {
    "oh-my-opencode-windows-x64": {
      "version": "4.15.0",
      "resolved": "https://registry.npmmirror.com/oh-my-opencode-windows-x64/-/oh-my-opencode-windows-x64-4.15.0.tgz",
      "integrity": "sha512-tCkcDAlS/hJKsp3tw1VdXFG986Nz6xEx0CBoGjzMB7blVUwHrHfk6i6Jhb7lju5mrELzbZDoIpvmV30bMDBieA=="
    },
    "oh-my-opencode-windows-x64-baseline": {
      "version": "4.15.0",
      "resolved": "https://registry.npmmirror.com/oh-my-opencode-windows-x64-baseline/-/oh-my-opencode-windows-x64-baseline-4.15.0.tgz",
      "integrity": "sha512-qOBokiECTsBOM5qVajyyBy39t3pzLnxHQova9zURXP+rcLs70kGPVW/lqIXS9Oe0c1Jwecw9pTKF7JQqHXkMVA=="
    }
  }
}
